
Microsoft Visual Studio Solution File, Format Version 12.00
# Visual Studio Version 17
VisualStudioVersion = 17.11.35303.130
MinimumVisualStudioVersion = 10.0.40219.1
Project("{FAE04EC0-301F-11D3-BF4B-00C04F79EFBC}") = "eCommerce.api", "eCommerce.api\eCommerce.api.csproj", "{334D0E45-6A62-47A4-A971-4FBC8623EEF2}"
EndProject
Project("{FAE04EC0-301F-11D3-BF4B-00C04F79EFBC}") = "eCommerce.Models", "eCommerce.Models\eCommerce.Models.csproj", "{7D6F4624-182B-4B26-9EF1-1FB60153B635}"
EndProject
Global
	GlobalSection(SolutionConfigurationPlatforms) = preSolution
		Debug|Any CPU = Debug|Any CPU
		Release|Any CPU = Release|Any CPU
	EndGlobalSection
	GlobalSection(ProjectConfigurationPlatforms) = postSolution
		{334D0E45-6A62-47A4-A971-4FBC8623EEF2}.Debug|Any CPU.ActiveCfg = Debug|Any CPU
		{334D0E45-6A62-47A4-A971-4FBC8623EEF2}.Debug|Any CPU.Build.0 = Debug|Any CPU
		{334D0E45-6A62-47A4-A971-4FBC8623EEF2}.Release|Any CPU.ActiveCfg = Release|Any CPU
		{334D0E45-6A62-47A4-A971-4FBC8623EEF2}.Release|Any CPU.Build.0 = Release|Any CPU
		{7D6F4624-182B-4B26-9EF1-1FB60153B635}.Debug|Any CPU.ActiveCfg = Debug|Any CPU
		{7D6F4624-182B-4B26-9EF1-1FB60153B635}.Debug|Any CPU.Build.0 = Debug|Any CPU
		{7D6F4624-182B-4B26-9EF1-1FB60153B635}.Release|Any CPU.ActiveCfg = Release|Any CPU
		{7D6F4624-182B-4B26-9EF1-1FB60153B635}.Release|Any CPU.Build.0 = Release|Any CPU
	EndGlobalSection
	GlobalSection(SolutionProperties) = preSolution
		HideSolutionNode = FALSE
	EndGlobalSection
	GlobalSection(ExtensibilityGlobals) = postSolution
		SolutionGuid = {3E168C0C-E9B6-4E50-AA26-9CE843E430B5}
	EndGlobalSection
EndGlobal
